// !$*UTF8*$!
{
	archiveVersion = 1;
	classes = {
	};
	objectVersion = 46;
	objects = {

/* Begin PBXBuildFile section */
		3B026653167D42F00046529A /* UIKit.framework in Frameworks */ = {isa = PBXBuildFile; fileRef = 3B026652167D42F00046529A /* UIKit.framework */; };
		3B026655167D42F00046529A /* Foundation.framework in Frameworks */ = {isa = PBXBuildFile; fileRef = 3B026654167D42F00046529A /* Foundation.framework */; };
		3B026657167D42F00046529A /* CoreGraphics.framework in Frameworks */ = {isa = PBXBuildFile; fileRef = 3B026656167D42F00046529A /* CoreGraphics.framework */; };
		3B02667A167D42F10046529A /* SenTestingKit.framework in Frameworks */ = {isa = PBXBuildFile; fileRef = 3B026679167D42F10046529A /* SenTestingKit.framework */; };
		3B02667B167D42F10046529A /* UIKit.framework in Frameworks */ = {isa = PBXBuildFile; fileRef = 3B026652167D42F00046529A /* UIKit.framework */; };
		3B02667C167D42F10046529A /* Foundation.framework in Frameworks */ = {isa = PBXBuildFile; fileRef = 3B026654167D42F00046529A /* Foundation.framework */; };
		3B026684167D42F10046529A /* InfoPlist.strings in Resources */ = {isa = PBXBuildFile; fileRef = 3B026682167D42F10046529A /* InfoPlist.strings */; };
		3B026687167D42F10046529A /* TRGalleryTests.m in Sources */ = {isa = PBXBuildFile; fileRef = 3B026686167D42F10046529A /* TRGalleryTests.m */; };
		3B0266A5167D43660046529A /* AppDelegate.m in Sources */ = {isa = PBXBuildFile; fileRef = 3B026695167D43660046529A /* AppDelegate.m */; };
		3B0266A6167D43660046529A /* Default-568h@2x.png in Resources */ = {isa = PBXBuildFile; fileRef = 3B026696167D43660046529A /* Default-568h@2x.png */; };
		3B0266A7167D43660046529A /* Default.png in Resources */ = {isa = PBXBuildFile; fileRef = 3B026697167D43660046529A /* Default.png */; };
		3B0266A8167D43660046529A /* Default@2x.png in Resources */ = {isa = PBXBuildFile; fileRef = 3B026698167D43660046529A /* Default@2x.png */; };
		3B0266A9167D43660046529A /* InfoPlist.strings in Resources */ = {isa = PBXBuildFile; fileRef = 3B02669A167D43660046529A /* InfoPlist.strings */; };
		3B0266AA167D43660046529A /* ViewController_iPad.xib in Resources */ = {isa = PBXBuildFile; fileRef = 3B02669C167D43660046529A /* ViewController_iPad.xib */; };
		3B0266AB167D43660046529A /* ViewController_iPhone.xib in Resources */ = {isa = PBXBuildFile; fileRef = 3B02669E167D43660046529A /* ViewController_iPhone.xib */; };
		3B0266AC167D43660046529A /* main.m in Sources */ = {isa = PBXBuildFile; fileRef = 3B0266A0167D43660046529A /* main.m */; };
		3B0266AE167D43660046529A /* ViewController.m in Sources */ = {isa = PBXBuildFile; fileRef = 3B0266A4167D43660046529A /* ViewController.m */; };
		3B0266B1167D439A0046529A /* TRGalleryViewController.m in Sources */ = {isa = PBXBuildFile; fileRef = 3B0266B0167D439A0046529A /* TRGalleryViewController.m */; };
/* End PBXBuildFile section */

/* Begin PBXContainerItemProxy section */
		3B02667D167D42F10046529A /* PBXContainerItemProxy */ = {
			isa = PBXContainerItemProxy;
			containerPortal = 3B026645167D42F00046529A /* Project object */;
			proxyType = 1;
			remoteGlobalIDString = 3B02664D167D42F00046529A;
			remoteInfo = TRGallery;
		};
/* End PBXContainerItemProxy section */

/* Begin PBXFileReference section */
		3B02664E167D42F00046529A /* TRGallery.app */ = {isa = PBXFileReference; explicitFileType = wrapper.application; includeInIndex = 0; path = TRGallery.app; sourceTree = BUILT_PRODUCTS_DIR; };
		3B026652167D42F00046529A /* UIKit.framework */ = {isa = PBXFileReference; lastKnownFileType = wrapper.framework; name = UIKit.framework; path = System/Library/Frameworks/UIKit.framework; sourceTree = SDKROOT; };
		3B026654167D42F00046529A /* Foundation.framework */ = {isa = PBXFileReference; lastKnownFileType = wrapper.framework; name = Foundation.framework; path = System/Library/Frameworks/Foundation.framework; sourceTree = SDKROOT; };
		3B026656167D42F00046529A /* CoreGraphics.framework */ = {isa = PBXFileReference; lastKnownFileType = wrapper.framework; name = CoreGraphics.framework; path = System/Library/Frameworks/CoreGraphics.framework; sourceTree = SDKROOT; };
		3B026678167D42F10046529A /* TRGalleryTests.octest */ = {isa = PBXFileReference; explicitFileType = wrapper.cfbundle; includeInIndex = 0; path = TRGalleryTests.octest; sourceTree = BUILT_PRODUCTS_DIR; };
		3B026679167D42F10046529A /* SenTestingKit.framework */ = {isa = PBXFileReference; lastKnownFileType = wrapper.framework; name = SenTestingKit.framework; path = Library/Frameworks/SenTestingKit.framework; sourceTree = DEVELOPER_DIR; };
		3B026681167D42F10046529A /* TRGalleryTests-Info.plist */ = {isa = PBXFileReference; lastKnownFileType = text.plist.xml; path = "TRGalleryTests-Info.plist"; sourceTree = "<group>"; };
		3B026683167D42F10046529A /* en */ = {isa = PBXFileReference; lastKnownFileType = text.plist.strings; name = en; path = en.lproj/InfoPlist.strings; sourceTree = "<group>"; };
		3B026685167D42F10046529A /* TRGalleryTests.h */ = {isa = PBXFileReference; lastKnownFileType = sourcecode.c.h; path = TRGalleryTests.h; sourceTree = "<group>"; };
		3B026686167D42F10046529A /* TRGalleryTests.m */ = {isa = PBXFileReference; lastKnownFileType = sourcecode.c.objc; path = TRGalleryTests.m; sourceTree = "<group>"; };
		3B026694167D43660046529A /* AppDelegate.h */ = {isa = PBXFileReference; fileEncoding = 4; lastKnownFileType = sourcecode.c.h; name = AppDelegate.h; path = ExampleApp/AppDelegate.h; sourceTree = SOURCE_ROOT; };
		3B026695167D43660046529A /* AppDelegate.m */ = {isa = PBXFileReference; fileEncoding = 4; lastKnownFileType = sourcecode.c.objc; name = AppDelegate.m; path = ExampleApp/AppDelegate.m; sourceTree = SOURCE_ROOT; };
		3B026696167D43660046529A /* Default-568h@2x.png */ = {isa = PBXFileReference; lastKnownFileType = image.png; name = "Default-568h@2x.png"; path = "ExampleApp/Default-568h@2x.png"; sourceTree = SOURCE_ROOT; };
		3B026697167D43660046529A /* Default.png */ = {isa = PBXFileReference; lastKnownFileType = image.png; name = Default.png; path = ExampleApp/Default.png; sourceTree = SOURCE_ROOT; };
		3B026698167D43660046529A /* Default@2x.png */ = {isa = PBXFileReference; lastKnownFileType = image.png; name = "Default@2x.png"; path = "ExampleApp/Default@2x.png"; sourceTree = SOURCE_ROOT; };
		3B02669B167D43660046529A /* en */ = {isa = PBXFileReference; lastKnownFileType = text.plist.strings; name = en; path = InfoPlist.strings; sourceTree = "<group>"; };
		3B02669D167D43660046529A /* en */ = {isa = PBXFileReference; lastKnownFileType = file.xib; name = en; path = ViewController_iPad.xib; sourceTree = "<group>"; };
		3B02669F167D43660046529A /* en */ = {isa = PBXFileReference; lastKnownFileType = file.xib; name = en; path = ViewController_iPhone.xib; sourceTree = "<group>"; };
		3B0266A0167D43660046529A /* main.m */ = {isa = PBXFileReference; fileEncoding = 4; lastKnownFileType = sourcecode.c.objc; name = main.m; path = ExampleApp/main.m; sourceTree = SOURCE_ROOT; };
		3B0266A1167D43660046529A /* TRGallery-Info.plist */ = {isa = PBXFileReference; fileEncoding = 4; lastKnownFileType = text.plist.xml; name = "TRGallery-Info.plist"; path = "ExampleApp/TRGallery-Info.plist"; sourceTree = SOURCE_ROOT; };
		3B0266A2167D43660046529A /* TRGallery-Prefix.pch */ = {isa = PBXFileReference; fileEncoding = 4; lastKnownFileType = sourcecode.c.h; name = "TRGallery-Prefix.pch"; path = "ExampleApp/TRGallery-Prefix.pch"; sourceTree = SOURCE_ROOT; };
		3B0266A3167D43660046529A /* ViewController.h */ = {isa = PBXFileReference; fileEncoding = 4; lastKnownFileType = sourcecode.c.h; name = ViewController.h; path = ExampleApp/ViewController.h; sourceTree = SOURCE_ROOT; };
		3B0266A4167D43660046529A /* ViewController.m */ = {isa = PBXFileReference; fileEncoding = 4; lastKnownFileType = sourcecode.c.objc; name = ViewController.m; path = ExampleApp/ViewController.m; sourceTree = SOURCE_ROOT; };
		3B0266AF167D439A0046529A /* TRGalleryViewController.h */ = {isa = PBXFileReference; fileEncoding = 4; lastKnownFileType = sourcecode.c.h; name = TRGalleryViewController.h; path = TRGallery/TRGalleryViewController.h; sourceTree = "<group>"; };
		3B0266B0167D439A0046529A /* TRGalleryViewController.m */ = {isa = PBXFileReference; fileEncoding = 4; lastKnownFileType = sourcecode.c.objc; name = TRGalleryViewController.m; path = TRGallery/TRGalleryViewController.m; sourceTree = "<group>"; };
/* End PBXFileReference section */

/* Begin PBXFrameworksBuildPhase section */
		3B02664B167D42F00046529A /* Frameworks */ = {
			isa = PBXFrameworksBuildPhase;
			buildActionMask = 2147483647;
			files = (
				3B026653167D42F00046529A /* UIKit.framework in Frameworks */,
				3B026655167D42F00046529A /* Foundation.framework in Frameworks */,
				3B026657167D42F00046529A /* CoreGraphics.framework in Frameworks */,
			);
			runOnlyForDeploymentPostprocessing = 0;
		};
		3B026674167D42F10046529A /* Frameworks */ = {
			isa = PBXFrameworksBuildPhase;
			buildActionMask = 2147483647;
			files = (
				3B02667A167D42F10046529A /* SenTestingKit.framework in Frameworks */,
				3B02667B167D42F10046529A /* UIKit.framework in Frameworks */,
				3B02667C167D42F10046529A /* Foundation.framework in Frameworks */,
			);
			runOnlyForDeploymentPostprocessing = 0;
		};
/* End PBXFrameworksBuildPhase section */

/* Begin PBXGroup section */
		3B026643167D42F00046529A = {
			isa = PBXGroup;
			children = (
				3B026690167D43100046529A /* TRGallery */,
				3B026658167D42F00046529A /* ExampleApp */,
				3B02667F167D42F10046529A /* TRGalleryTests */,
				3B026651167D42F00046529A /* Frameworks */,
				3B02664F167D42F00046529A /* Products */,
			);
			sourceTree = "<group>";
		};
		3B02664F167D42F00046529A /* Products */ = {
			isa = PBXGroup;
			children = (
				3B02664E167D42F00046529A /* TRGallery.app */,
				3B026678167D42F10046529A /* TRGalleryTests.octest */,
			);
			name = Products;
			sourceTree = "<group>";
		};
		3B026651167D42F00046529A /* Frameworks */ = {
			isa = PBXGroup;
			children = (
				3B026652167D42F00046529A /* UIKit.framework */,
				3B026654167D42F00046529A /* Foundation.framework */,
				3B026656167D42F00046529A /* CoreGraphics.framework */,
				3B026679167D42F10046529A /* SenTestingKit.framework */,
			);
			name = Frameworks;
			sourceTree = "<group>";
		};
		3B026658167D42F00046529A /* ExampleApp */ = {
			isa = PBXGroup;
			children = (
				3B026694167D43660046529A /* AppDelegate.h */,
				3B026695167D43660046529A /* AppDelegate.m */,
				3B026699167D43660046529A /* en.lproj */,
				3B0266A3167D43660046529A /* ViewController.h */,
				3B0266A4167D43660046529A /* ViewController.m */,
				3B026659167D42F00046529A /* Supporting Files */,
			);
			name = ExampleApp;
			path = TRGallery;
			sourceTree = "<group>";
		};
		3B026659167D42F00046529A /* Supporting Files */ = {
			isa = PBXGroup;
			children = (
				3B026696167D43660046529A /* Default-568h@2x.png */,
				3B026697167D43660046529A /* Default.png */,
				3B026698167D43660046529A /* Default@2x.png */,
				3B02669A167D43660046529A /* InfoPlist.strings */,
				3B0266A0167D43660046529A /* main.m */,
				3B0266A1167D43660046529A /* TRGallery-Info.plist */,
				3B0266A2167D43660046529A /* TRGallery-Prefix.pch */,
			);
			name = "Supporting Files";
			sourceTree = "<group>";
		};
		3B02667F167D42F10046529A /* TRGalleryTests */ = {
			isa = PBXGroup;
			children = (
				3B026685167D42F10046529A /* TRGalleryTests.h */,
				3B026686167D42F10046529A /* TRGalleryTests.m */,
				3B026680167D42F10046529A /* Supporting Files */,
			);
			path = TRGalleryTests;
			sourceTree = "<group>";
		};
		3B026680167D42F10046529A /* Supporting Files */ = {
			isa = PBXGroup;
			children = (
				3B026681167D42F10046529A /* TRGalleryTests-Info.plist */,
				3B026682167D42F10046529A /* InfoPlist.strings */,
			);
			name = "Supporting Files";
			sourceTree = "<group>";
		};
		3B026690167D43100046529A /* TRGallery */ = {
			isa = PBXGroup;
			children = (
				3B0266AF167D439A0046529A /* TRGalleryViewController.h */,
				3B0266B0167D439A0046529A /* TRGalleryViewController.m */,
			);
			name = TRGallery;
			sourceTree = "<group>";
		};
		3B026699167D43660046529A /* en.lproj */ = {
			isa = PBXGroup;
			children = (
				3B02669C167D43660046529A /* ViewController_iPad.xib */,
				3B02669E167D43660046529A /* ViewController_iPhone.xib */,
			);
			name = en.lproj;
			path = ExampleApp/en.lproj;
			sourceTree = SOURCE_ROOT;
		};
/* End PBXGroup section */

/* Begin PBXNativeTarget section */
		3B02664D167D42F00046529A /* TRGallery */ = {
			isa = PBXNativeTarget;
			buildConfigurationList = 3B02668A167D42F10046529A /* Build configuration list for PBXNativeTarget "TRGallery" */;
			buildPhases = (
				3B02664A167D42F00046529A /* Sources */,
				3B02664B167D42F00046529A /* Frameworks */,
				3B02664C167D42F00046529A /* Resources */,
			);
			buildRules = (
			);
			dependencies = (
			);
			name = TRGallery;
			productName = TRGallery;
			productReference = 3B02664E167D42F00046529A /* TRGallery.app */;
			productType = "com.apple.product-type.application";
		};
		3B026677167D42F10046529A /* TRGalleryTests */ = {
			isa = PBXNativeTarget;
			buildConfigurationList = 3B02668D167D42F10046529A /* Build configuration list for PBXNativeTarget "TRGalleryTests" */;
			buildPhases = (
				3B026673167D42F10046529A /* Sources */,
				3B026674167D42F10046529A /* Frameworks */,
				3B026675167D42F10046529A /* Resources */,
				3B026676167D42F10046529A /* ShellScript */,
			);
			buildRules = (
			);
			dependencies = (
				3B02667E167D42F10046529A /* PBXTargetDependency */,
			);
			name = TRGalleryTests;
			productName = TRGalleryTests;
			productReference = 3B026678167D42F10046529A /* TRGalleryTests.octest */;
			productType = "com.apple.product-type.bundle";
		};
/* End PBXNativeTarget section */

/* Begin PBXProject section */
		3B026645167D42F00046529A /* Project object */ = {
			isa = PBXProject;
			attributes = {
				LastUpgradeCheck = 0450;
				ORGANIZATIONNAME = Trulia;
			};
			buildConfigurationList = 3B026648167D42F00046529A /* Build configuration list for PBXProject "TRGallery" */;
			compatibilityVersion = "Xcode 3.2";
			developmentRegion = English;
			hasScannedForEncodings = 0;
			knownRegions = (
				en,
			);
			mainGroup = 3B026643167D42F00046529A;
			productRefGroup = 3B02664F167D42F00046529A /* Products */;
			projectDirPath = "";
			projectRoot = "";
			targets = (
				3B02664D167D42F00046529A /* TRGallery */,
				3B026677167D42F10046529A /* TRGalleryTests */,
			);
		};
/* End PBXProject section */

/* Begin PBXResourcesBuildPhase section */
		3B02664C167D42F00046529A /* Resources */ = {
			isa = PBXResourcesBuildPhase;
			buildActionMask = 2147483647;
			files = (
				3B0266A6167D43660046529A /* Default-568h@2x.png in Resources */,
				3B0266A7167D43660046529A /* Default.png in Resources */,
				3B0266A8167D43660046529A /* Default@2x.png in Resources */,
				3B0266A9167D43660046529A /* InfoPlist.strings in Resources */,
				3B0266AA167D43660046529A /* ViewController_iPad.xib in Resources */,
				3B0266AB167D43660046529A /* ViewController_iPhone.xib in Resources */,
			);
			runOnlyForDeploymentPostprocessing = 0;
		};
		3B026675167D42F10046529A /* Resources */ = {
			isa = PBXResourcesBuildPhase;
			buildActionMask = 2147483647;
			files = (
				3B026684167D42F10046529A /* InfoPlist.strings in Resources */,
			);
			runOnlyForDeploymentPostprocessing = 0;
		};
/* End PBXResourcesBuildPhase section */

/* Begin PBXShellScriptBuildPhase section */
		3B026676167D42F10046529A /* ShellScript */ = {
			isa = PBXShellScriptBuildPhase;
			buildActionMask = 2147483647;
			files = (
			);
			inputPaths = (
			);
			outputPaths = (
			);
			runOnlyForDeploymentPostprocessing = 0;
			shellPath = /bin/sh;
			shellScript = "# Run the unit tests in this test bundle.\n\"${SYSTEM_DEVELOPER_DIR}/Tools/RunUnitTests\"\n";
		};
/* End PBXShellScriptBuildPhase section */

/* Begin PBXSourcesBuildPhase section */
		3B02664A167D42F00046529A /* Sources */ = {
			isa = PBXSourcesBuildPhase;
			buildActionMask = 2147483647;
			files = (
				3B0266A5167D43660046529A /* AppDelegate.m in Sources */,
				3B0266AC167D43660046529A /* main.m in Sources */,
				3B0266AE167D43660046529A /* ViewController.m in Sources */,
				3B0266B1167D439A0046529A /* TRGalleryViewController.m in Sources */,
			);
			runOnlyForDeploymentPostprocessing = 0;
		};
		3B026673167D42F10046529A /* Sources */ = {
			isa = PBXSourcesBuildPhase;
			buildActionMask = 2147483647;
			files = (
				3B026687167D42F10046529A /* TRGalleryTests.m in Sources */,
			);
			runOnlyForDeploymentPostprocessing = 0;
		};
/* End PBXSourcesBuildPhase section */

/* Begin PBXTargetDependency section */
		3B02667E167D42F10046529A /* PBXTargetDependency */ = {
			isa = PBXTargetDependency;
			target = 3B02664D167D42F00046529A /* TRGallery */;
			targetProxy = 3B02667D167D42F10046529A /* PBXContainerItemProxy */;
		};
/* End PBXTargetDependency section */

/* Begin PBXVariantGroup section */
		3B026682167D42F10046529A /* InfoPlist.strings */ = {
			isa = PBXVariantGroup;
			children = (
				3B026683167D42F10046529A /* en */,
			);
			name = InfoPlist.strings;
			sourceTree = "<group>";
		};
		3B02669A167D43660046529A /* InfoPlist.strings */ = {
			isa = PBXVariantGroup;
			children = (
				3B02669B167D43660046529A /* en */,
			);
			name = InfoPlist.strings;
			path = ../ExampleApp/en.lproj;
			sourceTree = "<group>";
		};
		3B02669C167D43660046529A /* ViewController_iPad.xib */ = {
			isa = PBXVariantGroup;
			children = (
				3B02669D167D43660046529A /* en */,
			);
			name = ViewController_iPad.xib;
			sourceTree = "<group>";
		};
		3B02669E167D43660046529A /* ViewController_iPhone.xib */ = {
			isa = PBXVariantGroup;
			children = (
				3B02669F167D43660046529A /* en */,
			);
			name = ViewController_iPhone.xib;
			sourceTree = "<group>";
		};
/* End PBXVariantGroup section */

/* Begin XCBuildConfiguration section */
		3B026688167D42F10046529A /* Debug */ = {
			isa = XCBuildConfiguration;
			buildSettings = {
				ALWAYS_SEARCH_USER_PATHS = NO;
				CLANG_CXX_LANGUAGE_STANDARD = "gnu++0x";
				CLANG_CXX_LIBRARY = "libc++";
				CLANG_ENABLE_OBJC_ARC = YES;
				CLANG_WARN_EMPTY_BODY = YES;
				CLANG_WARN__DUPLICATE_METHOD_MATCH = YES;
				"CODE_SIGN_IDENTITY[sdk=iphoneos*]" = "iPhone Developer";
				COPY_PHASE_STRIP = NO;
				GCC_C_LANGUAGE_STANDARD = gnu99;
				GCC_DYNAMIC_NO_PIC = NO;
				GCC_OPTIMIZATION_LEVEL = 0;
				GCC_PREPROCESSOR_DEFINITIONS = (
					"DEBUG=1",
					"$(inherited)",
				);
				GCC_SYMBOLS_PRIVATE_EXTERN = NO;
				GCC_WARN_ABOUT_RETURN_TYPE = YES;
				GCC_WARN_UNINITIALIZED_AUTOS = YES;
				GCC_WARN_UNUSED_VARIABLE = YES;
				IPHONEOS_DEPLOYMENT_TARGET = 6.0;
				ONLY_ACTIVE_ARCH = YES;
				SDKROOT = iphoneos;
				TARGETED_DEVICE_FAMILY = "1,2";
			};
			name = Debug;
		};
		3B026689167D42F10046529A /* Release */ = {
			isa = XCBuildConfiguration;
			buildSettings = {
				ALWAYS_SEARCH_USER_PATHS = NO;
				CLANG_CXX_LANGUAGE_STANDARD = "gnu++0x";
				CLANG_CXX_LIBRARY = "libc++";
				CLANG_ENABLE_OBJC_ARC = YES;
				CLANG_WARN_EMPTY_BODY = YES;
				CLANG_WARN__DUPLICATE_METHOD_MATCH = YES;
				"CODE_SIGN_IDENTITY[sdk=iphoneos*]" = "iPhone Developer";
				COPY_PHASE_STRIP = YES;
				GCC_C_LANGUAGE_STANDARD = gnu99;
				GCC_WARN_ABOUT_RETURN_TYPE = YES;
				GCC_WARN_UNINITIALIZED_AUTOS = YES;
				GCC_WARN_UNUSED_VARIABLE = YES;
				IPHONEOS_DEPLOYMENT_TARGET = 6.0;
				OTHER_CFLAGS = "-DNS_BLOCK_ASSERTIONS=1";
				SDKROOT = iphoneos;
				TARGETED_DEVICE_FAMILY = "1,2";
				VALIDATE_PRODUCT = YES;
			};
			name = Release;
		};
		3B02668B167D42F10046529A /* Debug */ = {
			isa = XCBuildConfiguration;
			buildSettings = {
				GCC_PRECOMPILE_PREFIX_HEADER = YES;
				GCC_PREFIX_HEADER = "ExampleApp/TRGallery-Prefix.pch";
				INFOPLIST_FILE = "ExampleApp/TRGallery-Info.plist";
				PRODUCT_NAME = "$(TARGET_NAME)";
				WRAPPER_EXTENSION = app;
			};
			name = Debug;
		};
		3B02668C167D42F10046529A /* Release */ = {
			isa = XCBuildConfiguration;
			buildSettings = {
				GCC_PRECOMPILE_PREFIX_HEADER = YES;
				GCC_PREFIX_HEADER = "ExampleApp/TRGallery-Prefix.pch";
				INFOPLIST_FILE = "ExampleApp/TRGallery-Info.plist";
				PRODUCT_NAME = "$(TARGET_NAME)";
				WRAPPER_EXTENSION = app;
			};
			name = Release;
		};
		3B02668E167D42F10046529A /* Debug */ = {
			isa = XCBuildConfiguration;
			buildSettings = {
				BUNDLE_LOADER = "$(BUILT_PRODUCTS_DIR)/TRGallery.app/TRGallery";
				FRAMEWORK_SEARCH_PATHS = (
					"\"$(SDKROOT)/Developer/Library/Frameworks\"",
					"\"$(DEVELOPER_LIBRARY_DIR)/Frameworks\"",
				);
				GCC_PRECOMPILE_PREFIX_HEADER = YES;
				GCC_PREFIX_HEADER = "TRGallery/TRGallery-Prefix.pch";
				INFOPLIST_FILE = "TRGalleryTests/TRGalleryTests-Info.plist";
				PRODUCT_NAME = "$(TARGET_NAME)";
				TEST_HOST = "$(BUNDLE_LOADER)";
				WRAPPER_EXTENSION = octest;
			};
			name = Debug;
		};
		3B02668F167D42F10046529A /* Release */ = {
			isa = XCBuildConfiguration;
			buildSettings = {
				BUNDLE_LOADER = "$(BUILT_PRODUCTS_DIR)/TRGallery.app/TRGallery";
				FRAMEWORK_SEARCH_PATHS = (
					"\"$(SDKROOT)/Developer/Library/Frameworks\"",
					"\"$(DEVELOPER_LIBRARY_DIR)/Frameworks\"",
				);
				GCC_PRECOMPILE_PREFIX_HEADER = YES;
				GCC_PREFIX_HEADER = "TRGallery/TRGallery-Prefix.pch";
				INFOPLIST_FILE = "TRGalleryTests/TRGalleryTests-Info.plist";
				PRODUCT_NAME = "$(TARGET_NAME)";
				TEST_HOST = "$(BUNDLE_LOADER)";
				WRAPPER_EXTENSION = octest;
			};
			name = Release;
		};
/* End XCBuildConfiguration section */

/* Begin XCConfigurationList section */
		3B026648167D42F00046529A /* Build configuration list for PBXProject "TRGallery" */ = {
			isa = XCConfigurationList;
			buildConfigurations = (
				3B026688167D42F10046529A /* Debug */,
				3B026689167D42F10046529A /* Release */,
			);
			defaultConfigurationIsVisible = 0;
			defaultConfigurationName = Release;
		};
		3B02668A167D42F10046529A /* Build configuration list for PBXNativeTarget "TRGallery" */ = {
			isa = XCConfigurationList;
			buildConfigurations = (
				3B02668B167D42F10046529A /* Debug */,
				3B02668C167D42F10046529A /* Release */,
			);
			defaultConfigurationIsVisible = 0;
			defaultConfigurationName = Release;
		};
		3B02668D167D42F10046529A /* Build configuration list for PBXNativeTarget "TRGalleryTests" */ = {
			isa = XCConfigurationList;
			buildConfigurations = (
				3B02668E167D42F10046529A /* Debug */,
				3B02668F167D42F10046529A /* Release */,
			);
			defaultConfigurationIsVisible = 0;
			defaultConfigurationName = Release;
		};
/* End XCConfigurationList section */
	};
	rootObject = 3B026645167D42F00046529A /* Project object */;
}
